
Microsoft Visual Studio Solution File, Format Version 12.00
# Visual Studio Version 16
VisualStudioVersion = 16.0.30114.105
MinimumVisualStudioVersion = 10.0.40219.1
Project("{FAE04EC0-301F-11D3-BF4B-00C04F79EFBC}") = "MCVTest", "MCVTest\MCVTest.csproj", "{77679430-8CED-4541-BF18-055B7C60396F}"
EndProject
Project("{FAE04EC0-301F-11D3-BF4B-00C04F79EFBC}") = "Day_7", "Day_7\Day_7.csproj", "{3E0299BF-40C8-48E5-A8ED-92110EC286FB}"
EndProject
Global
	GlobalSection(SolutionConfigurationPlatforms) = preSolution
		Debug|Any CPU = Debug|Any CPU
		Release|Any CPU = Release|Any CPU
	EndGlobalSection
	GlobalSection(SolutionProperties) = preSolution
		HideSolutionNode = FALSE
	EndGlobalSection
	GlobalSection(ProjectConfigurationPlatforms) = postSolution
		{77679430-8CED-4541-BF18-055B7C60396F}.Debug|Any CPU.ActiveCfg = Debug|Any CPU
		{77679430-8CED-4541-BF18-055B7C60396F}.Debug|Any CPU.Build.0 = Debug|Any CPU
		{77679430-8CED-4541-BF18-055B7C60396F}.Release|Any CPU.ActiveCfg = Release|Any CPU
		{77679430-8CED-4541-BF18-055B7C60396F}.Release|Any CPU.Build.0 = Release|Any CPU
		{3E0299BF-40C8-48E5-A8ED-92110EC286FB}.Debug|Any CPU.ActiveCfg = Debug|Any CPU
		{3E0299BF-40C8-48E5-A8ED-92110EC286FB}.Debug|Any CPU.Build.0 = Debug|Any CPU
		{3E0299BF-40C8-48E5-A8ED-92110EC286FB}.Release|Any CPU.ActiveCfg = Release|Any CPU
		{3E0299BF-40C8-48E5-A8ED-92110EC286FB}.Release|Any CPU.Build.0 = Release|Any CPU
	EndGlobalSection
EndGlobal
